
Microsoft Visual Studio Solution File, Format Version 12.00
# Visual Studio 14
VisualStudioVersion = 14.0.25420.1
MinimumVisualStudioVersion = 10.0.40219.1
Project("{2150E333-8FDC-42A3-9474-1A3956D46DE8}") = "src", "src", "{69D8CF17-FA94-4E30-BA77-43035D249C38}"
EndProject
Project("{2150E333-8FDC-42A3-9474-1A3956D46DE8}") = "Solution Items", "Solution Items", "{DF03EFFF-D680-4462-8E36-09D44425589E}"
	ProjectSection(SolutionItems) = preProject
		global.json = global.json
	EndProjectSection
EndProject
Project("{8BB2217D-0F2D-49D1-97BC-3654ED321F3B}") = "YouBlog.Core.Web", "src\YouBlog.Core.Web\YouBlog.Core.Web.xproj", "{5F2A4A8C-2EFB-4039-A6A3-90C14209664D}"
EndProject
Project("{8BB2217D-0F2D-49D1-97BC-3654ED321F3B}") = "YouBlog.Core.Data", "src\YouBlog.Core.Data\YouBlog.Core.Data.xproj", "{7C86813F-3F2B-46D9-8DDD-FEDC9926D6CB}"
EndProject
Project("{8BB2217D-0F2D-49D1-97BC-3654ED321F3B}") = "YouBlog.Core.Service", "src\YouBlog.Core.Service\YouBlog.Core.Service.xproj", "{AA2C87C1-216F-4E4E-856F-9E413DDF93B0}"
EndProject
Project("{8BB2217D-0F2D-49D1-97BC-3654ED321F3B}") = "YouBlog.Core.Models", "src\YouBlog.Core.Models\YouBlog.Core.Models.xproj", "{12C55C25-6EB3-4897-BAD7-4A559C097940}"
EndProject
Project("{8BB2217D-0F2D-49D1-97BC-3654ED321F3B}") = "YouBlog.Core.Common", "src\YouBlog.Core.Common\YouBlog.Core.Common.xproj", "{9B8A72CC-E98A-4991-9610-A816D95BDF65}"
EndProject
Project("{2150E333-8FDC-42A3-9474-1A3956D46DE8}") = "test", "test", "{9F0CBC89-E68A-4EFA-A68E-77EA326E9517}"
EndProject
Project("{8BB2217D-0F2D-49D1-97BC-3654ED321F3B}") = "YouBlog.Core.Web.Test", "test\YouBlog.Core.Web.Test\YouBlog.Core.Web.Test.xproj", "{A7685304-1B98-4F2E-95C2-30511FC5C122}"
EndProject
Global
	GlobalSection(SolutionConfigurationPlatforms) = preSolution
		Debug|Any CPU = Debug|Any CPU
		Release|Any CPU = Release|Any CPU
	EndGlobalSection
	GlobalSection(ProjectConfigurationPlatforms) = postSolution
		{5F2A4A8C-2EFB-4039-A6A3-90C14209664D}.Debug|Any CPU.ActiveCfg = Debug|Any CPU
		{5F2A4A8C-2EFB-4039-A6A3-90C14209664D}.Debug|Any CPU.Build.0 = Debug|Any CPU
		{5F2A4A8C-2EFB-4039-A6A3-90C14209664D}.Release|Any CPU.ActiveCfg = Release|Any CPU
		{5F2A4A8C-2EFB-4039-A6A3-90C14209664D}.Release|Any CPU.Build.0 = Release|Any CPU
		{7C86813F-3F2B-46D9-8DDD-FEDC9926D6CB}.Debug|Any CPU.ActiveCfg = Debug|Any CPU
		{7C86813F-3F2B-46D9-8DDD-FEDC9926D6CB}.Debug|Any CPU.Build.0 = Debug|Any CPU
		{7C86813F-3F2B-46D9-8DDD-FEDC9926D6CB}.Release|Any CPU.ActiveCfg = Release|Any CPU
		{7C86813F-3F2B-46D9-8DDD-FEDC9926D6CB}.Release|Any CPU.Build.0 = Release|Any CPU
		{AA2C87C1-216F-4E4E-856F-9E413DDF93B0}.Debug|Any CPU.ActiveCfg = Debug|Any CPU
		{AA2C87C1-216F-4E4E-856F-9E413DDF93B0}.Debug|Any CPU.Build.0 = Debug|Any CPU
		{AA2C87C1-216F-4E4E-856F-9E413DDF93B0}.Release|Any CPU.ActiveCfg = Release|Any CPU
		{AA2C87C1-216F-4E4E-856F-9E413DDF93B0}.Release|Any CPU.Build.0 = Release|Any CPU
		{12C55C25-6EB3-4897-BAD7-4A559C097940}.Debug|Any CPU.ActiveCfg = Debug|Any CPU
		{12C55C25-6EB3-4897-BAD7-4A559C097940}.Debug|Any CPU.Build.0 = Debug|Any CPU
		{12C55C25-6EB3-4897-BAD7-4A559C097940}.Release|Any CPU.ActiveCfg = Release|Any CPU
		{12C55C25-6EB3-4897-BAD7-4A559C097940}.Release|Any CPU.Build.0 = Release|Any CPU
		{9B8A72CC-E98A-4991-9610-A816D95BDF65}.Debug|Any CPU.ActiveCfg = Debug|Any CPU
		{9B8A72CC-E98A-4991-9610-A816D95BDF65}.Debug|Any CPU.Build.0 = Debug|Any CPU
		{9B8A72CC-E98A-4991-9610-A816D95BDF65}.Release|Any CPU.ActiveCfg = Release|Any CPU
		{9B8A72CC-E98A-4991-9610-A816D95BDF65}.Release|Any CPU.Build.0 = Release|Any CPU
		{A7685304-1B98-4F2E-95C2-30511FC5C122}.Debug|Any CPU.ActiveCfg = Debug|Any CPU
		{A7685304-1B98-4F2E-95C2-30511FC5C122}.Debug|Any CPU.Build.0 = Debug|Any CPU
		{A7685304-1B98-4F2E-95C2-30511FC5C122}.Release|Any CPU.ActiveCfg = Release|Any CPU
		{A7685304-1B98-4F2E-95C2-30511FC5C122}.Release|Any CPU.Build.0 = Release|Any CPU
	EndGlobalSection
	GlobalSection(SolutionProperties) = preSolution
		HideSolutionNode = FALSE
	EndGlobalSection
	GlobalSection(NestedProjects) = preSolution
		{5F2A4A8C-2EFB-4039-A6A3-90C14209664D} = {69D8CF17-FA94-4E30-BA77-43035D249C38}
		{7C86813F-3F2B-46D9-8DDD-FEDC9926D6CB} = {69D8CF17-FA94-4E30-BA77-43035D249C38}
		{AA2C87C1-216F-4E4E-856F-9E413DDF93B0} = {69D8CF17-FA94-4E30-BA77-43035D249C38}
		{12C55C25-6EB3-4897-BAD7-4A559C097940} = {69D8CF17-FA94-4E30-BA77-43035D249C38}
		{9B8A72CC-E98A-4991-9610-A816D95BDF65} = {69D8CF17-FA94-4E30-BA77-43035D249C38}
		{A7685304-1B98-4F2E-95C2-30511FC5C122} = {9F0CBC89-E68A-4EFA-A68E-77EA326E9517}
	EndGlobalSection
EndGlobal
